# THIS IS AN AUTOGENERATED FILE. DO NOT EDIT THIS FILE DIRECTLY.
# yarn lockfile v1


"@sindresorhus/is@^0.14.0":
  "integrity" "sha512-9NET910DNaIPngYnLLPeg+Ogzqsi9uM4mSboU5y6p8S5DzMTVEsJZrawi+BoDNUVBa2DhJqQYUFvMDfgU062LQ=="
  "resolved" "https://registry.npmjs.org/@sindresorhus/is/-/is-0.14.0.tgz"
  "version" "0.14.0"

"@szmarczak/http-timer@^1.1.2":
  "integrity" "sha512-XIB2XbzHTN6ieIjfIMV9hlVcfPU26s2vafYWQcZHWXHOxiaRZYEDKEwdl129Zyg50+foYV2jCgtrqSA6qNuNSA=="
  "resolved" "https://registry.npmjs.org/@szmarczak/http-timer/-/http-timer-1.1.2.tgz"
  "version" "1.1.2"
  dependencies:
    "defer-to-connect" "^1.0.1"

"abs-svg-path@^0.1.1":
  "integrity" "sha512-d8XPSGjfyzlXC3Xx891DJRyZfqk5JU0BJrDQcsWomFIV1/BIzPW5HDH5iDdWpqWaav0YVIEzT1RHTwWr0FFshA=="
  "resolved" "https://registry.npmjs.org/abs-svg-path/-/abs-svg-path-0.1.1.tgz"
  "version" "0.1.1"

"adaptive-bezier-curve@^1.0.3":
  "integrity" "sha512-mDcwN284LlNAdunqnVmS0PAoDNHKze/PY8zvpCdxzyXD+ZZFeMWQ3FKNBw0VMOd9IfnhIyzAWJDXzRcWnXtoSg=="
  "resolved" "https://registry.npmjs.org/adaptive-bezier-curve/-/adaptive-bezier-curve-1.0.3.tgz"
  "version" "1.0.3"

"almost-equal@^1.1.0":
  "integrity" "sha512-0V/PkoculFl5+0Lp47JoxUcO0xSxhIBvm+BxHdD/OgXNmdRpRHCFnKVuUoWyS9EzQP+otSGv0m9Lb4yVkQBn2A=="
  "resolved" "https://registry.npmjs.org/almost-equal/-/almost-equal-1.1.0.tgz"
  "version" "1.1.0"

"almost-equal@0.0.0":
  "integrity" "sha512-/wvWNupeAr7sp7J2ZXvQvd97uyxsokx4TXdV6YMhd/EDwctlgY3wUGZCgQx1sJQyxU+c8EWRCWsLGOumdiS9aw=="
  "resolved" "https://registry.npmjs.org/almost-equal/-/almost-equal-0.0.0.tgz"
  "version" "0.0.0"

"an-array@^1.0.0":
  "integrity" "sha512-M175GYI7RmsYu24Ok383yZQa3eveDfNnmhTe3OQ3bm70bEovz2gWenH+ST/n32M8lrwLWk74hcPds5CDRPe2wg=="
  "resolved" "https://registry.npmjs.org/an-array/-/an-array-1.0.0.tgz"
  "version" "1.0.0"

"array-almost-equal@^1.0.0":
  "integrity" "sha512-NiQJq0vH5nEebm7FMs52fli23nwCh+RBKZZtA5g5qUmqGAkb9n8/WOTW8zjDocLADXXM1CRanFfPTMdrI2yZwg=="
  "resolved" "https://registry.npmjs.org/array-almost-equal/-/array-almost-equal-1.0.0.tgz"
  "version" "1.0.0"
  dependencies:
    "almost-equal" "0.0.0"
    "an-array" "^1.0.0"

"cacheable-request@^6.0.0":
  "integrity" "sha512-Oj3cAGPCqOZX7Rz64Uny2GYAZNliQSqfbePrgAQ1wKAihYmCUnraBtJtKcGR4xz7wF+LoJC+ssFZvv5BgF9Igg=="
  "resolved" "https://registry.npmjs.org/cacheable-request/-/cacheable-request-6.1.0.tgz"
  "version" "6.1.0"
  dependencies:
    "clone-response" "^1.0.2"
    "get-stream" "^5.1.0"
    "http-cache-semantics" "^4.0.0"
    "keyv" "^3.0.0"
    "lowercase-keys" "^2.0.0"
    "normalize-url" "^4.1.0"
    "responselike" "^1.0.2"

"call-bind@^1.0.2":
  "integrity" "sha512-7O+FbCihrB5WGbFYesctwmTKae6rOiIzmz1icreWJ+0aA7LJfuqhEso2T9ncpcFtzMQtzXf2QGGueWJGTYsqrA=="
  "resolved" "https://registry.npmjs.org/call-bind/-/call-bind-1.0.2.tgz"
  "version" "1.0.2"
  dependencies:
    "function-bind" "^1.1.1"
    "get-intrinsic" "^1.0.2"

"canvas-sketch-util@^1.10.0":
  "integrity" "sha512-IiJWEQDBinl6KZVLYcdp79ZJXXKsS1HuDUoWtwWh0NJMVUA6jaM0pxcBRYiaujBXjQFPT91pl8L9iFFmma3+zA=="
  "resolved" "https://registry.npmjs.org/canvas-sketch-util/-/canvas-sketch-util-1.10.0.tgz"
  "version" "1.10.0"
  dependencies:
    "abs-svg-path" "^0.1.1"
    "almost-equal" "^1.1.0"
    "array-almost-equal" "^1.0.0"
    "clone" "^2.1.2"
    "color-luminance" "^2.1.0"
    "convert-length" "^1.0.1"
    "d3-path" "^1.0.8"
    "defined" "^1.0.0"
    "float-hsl2rgb" "^1.0.2"
    "float-rgb2hsl" "^1.0.1"
    "lineclip" "^1.1.5"
    "normalize-svg-path" "^1.0.1"
    "parse-color" "^1.0.0"
    "parse-svg-path" "^0.1.2"
    "primitive-quad" "^2.0.0"
    "regl" "^1.3.7"
    "seed-random" "^2.2.0"
    "simplex-noise" "^2.4.0"
    "svg-path-contours" "^2.0.0"

"canvas-sketch@^0.7.5":
  "integrity" "sha512-3E7oZ250O+feVHzMXD1vd2PGAzvjE6iskQE/pP5vZ4g5Np/79751L2aMUcn70I8eDsa8wkUoTuj2NXWAfypwig=="
  "resolved" "https://registry.npmjs.org/canvas-sketch/-/canvas-sketch-0.7.5.tgz"
  "version" "0.7.5"
  dependencies:
    "convert-length" "^1.0.1"
    "dateformat" "^3.0.3"
    "deep-equal" "^1.0.1"
    "get-canvas-context" "^1.0.2"
    "is-class" "0.0.5"
    "is-dom" "^1.0.9"
    "is-promise" "^2.1.0"
    "object-assign" "^4.1.1"
    "pad-left" "^2.1.0"
    "right-now" "^1.0.0"

"clone-response@^1.0.2":
  "integrity" "sha1-0dyXOSAxTfZ/vrlCI7TuNQI56Ws="
  "resolved" "https://registry.npmjs.org/clone-response/-/clone-response-1.0.2.tgz"
  "version" "1.0.2"
  dependencies:
    "mimic-response" "^1.0.0"

"clone@^2.1.2":
  "integrity" "sha1-G39Ln1kfHo+DZwQBYANFoCiHQ18="
  "resolved" "https://registry.npmjs.org/clone/-/clone-2.1.2.tgz"
  "version" "2.1.2"

"color-convert@~0.5.0":
  "integrity" "sha1-vbbGnOZg+t/+CwAHzER+G59ygr0="
  "resolved" "https://registry.npmjs.org/color-convert/-/color-convert-0.5.3.tgz"
  "version" "0.5.3"

"color-luminance@^2.1.0":
  "integrity" "sha1-WP8uvTK1LQf1N47v5aDnnWsxitc="
  "resolved" "https://registry.npmjs.org/color-luminance/-/color-luminance-2.1.0.tgz"
  "version" "2.1.0"

"convert-length@^1.0.1":
  "integrity" "sha512-w94Vge3sck6J1NHuA0du367/JTbj1zfjTapX7ixR2W+KlU4zb+NRTbou3x9nTpm5vlcXmjoaUJQpVN9pULCdxQ=="
  "resolved" "https://registry.npmjs.org/convert-length/-/convert-length-1.0.1.tgz"
  "version" "1.0.1"
  dependencies:
    "defined" "^1.0.0"

"d3-path@^1.0.8":
  "integrity" "sha512-VLaYcn81dtHVTjEHd8B+pbe9yHWpXKZUC87PzoFmsFrJqgFwDe/qxfp5MlfsfM1V5E/iVt0MmEbWQ7FVIXh/bg=="
  "resolved" "https://registry.npmjs.org/d3-path/-/d3-path-1.0.9.tgz"
  "version" "1.0.9"

"dateformat@^3.0.3":
  "integrity" "sha512-jyCETtSl3VMZMWeRo7iY1FL19ges1t55hMo5yaam4Jrsm5EPL89UQkoQRyiI+Yf4k8r2ZpdngkV8hr1lIdjb3Q=="
  "resolved" "https://registry.npmjs.org/dateformat/-/dateformat-3.0.3.tgz"
  "version" "3.0.3"

"decompress-response@^3.3.0":
  "integrity" "sha1-gKTdMjdIOEv6JICDYirt7Jgq3/M="
  "resolved" "https://registry.npmjs.org/decompress-response/-/decompress-response-3.3.0.tgz"
  "version" "3.3.0"
  dependencies:
    "mimic-response" "^1.0.0"

"deep-equal@^1.0.1":
  "integrity" "sha512-yd9c5AdiqVcR+JjcwUQb9DkhJc8ngNr0MahEBGvDiJw8puWab2yZlh+nkasOnZP+EGTAP6rRp2JzJhJZzvNF8g=="
  "resolved" "https://registry.npmjs.org/deep-equal/-/deep-equal-1.1.1.tgz"
  "version" "1.1.1"
  dependencies:
    "is-arguments" "^1.0.4"
    "is-date-object" "^1.0.1"
    "is-regex" "^1.0.4"
    "object-is" "^1.0.1"
    "object-keys" "^1.1.1"
    "regexp.prototype.flags" "^1.2.0"

"defer-to-connect@^1.0.1":
  "integrity" "sha512-0ISdNousHvZT2EiFlZeZAHBUvSxmKswVCEf8hW7KWgG4a8MVEu/3Vb6uWYozkjylyCxe0JBIiRB1jV45S70WVQ=="
  "resolved" "https://registry.npmjs.org/defer-to-connect/-/defer-to-connect-1.1.3.tgz"
  "version" "1.1.3"

"define-properties@^1.1.3":
  "integrity" "sha512-uckOqKcfaVvtBdsVkdPv3XjveQJsNQqmhXgRi8uhvWWuPYZCNlzT8qAyblUgNoXdHdjMTzAqeGjAoli8f+bzPA=="
  "resolved" "https://registry.npmjs.org/define-properties/-/define-properties-1.1.4.tgz"
  "version" "1.1.4"
  dependencies:
    "has-property-descriptors" "^1.0.0"
    "object-keys" "^1.1.1"

"defined@^1.0.0":
  "integrity" "sha1-yY2bzvdWdBiOEQlpFRGZ45sfppM="
  "resolved" "https://registry.npmjs.org/defined/-/defined-1.0.0.tgz"
  "version" "1.0.0"

"duplexer3@^0.1.4":
  "integrity" "sha1-7gHdHKwO08vH/b6jfcCo8c4ALOI="
  "resolved" "https://registry.npmjs.org/duplexer3/-/duplexer3-0.1.4.tgz"
  "version" "0.1.4"

"end-of-stream@^1.1.0":
  "integrity" "sha512-+uw1inIHVPQoaVuHzRyXd21icM+cnt4CzD5rW+NC1wjOUSTOs+Te7FOv7AhN7vS9x/oIyhLP5PR1H+phQAHu5Q=="
  "resolved" "https://registry.npmjs.org/end-of-stream/-/end-of-stream-1.4.4.tgz"
  "version" "1.4.4"
  dependencies:
    "once" "^1.4.0"

"float-hsl2rgb@^1.0.2":
  "integrity" "sha1-7PNQnECsZWfJaiBGIrDExL9DyKE="
  "resolved" "https://registry.npmjs.org/float-hsl2rgb/-/float-hsl2rgb-1.0.2.tgz"
  "version" "1.0.2"

"float-rgb2hsl@^1.0.1":
  "integrity" "sha1-jv6qD8cm5TNjp5vz9jYIIFXBDA4="
  "resolved" "https://registry.npmjs.org/float-rgb2hsl/-/float-rgb2hsl-1.0.1.tgz"
  "version" "1.0.1"

"function-bind@^1.1.1":
  "integrity" "sha512-yIovAzMX49sF8Yl58fSCWJ5svSLuaibPxXQJFLmBObTuCr0Mf1KiPopGM9NiFjiYBCbfaa2Fh6breQ6ANVTI0A=="
  "resolved" "https://registry.npmjs.org/function-bind/-/function-bind-1.1.1.tgz"
  "version" "1.1.1"

"functions-have-names@^1.2.2":
  "integrity" "sha512-xckBUXyTIqT97tq2x2AMb+g163b5JFysYk0x4qxNFwbfQkmNZoiRHb6sPzI9/QV33WeuvVYBUIiD4NzNIyqaRQ=="
  "resolved" "https://registry.npmjs.org/functions-have-names/-/functions-have-names-1.2.3.tgz"
  "version" "1.2.3"

"get-canvas-context@^1.0.2":
  "integrity" "sha1-1ue1C8TkyGNXzTnyJkeoS3NgHpM="
  "resolved" "https://registry.npmjs.org/get-canvas-context/-/get-canvas-context-1.0.2.tgz"
  "version" "1.0.2"

"get-intrinsic@^1.0.2", "get-intrinsic@^1.1.1":
  "integrity" "sha512-kWZrnVM42QCiEA2Ig1bG8zjoIMOgxWwYCEeNdwY6Tv/cOSeGpcoX4pXHfKUxNKVoArnrEr2e9srnAxxGIraS9Q=="
  "resolved" "https://registry.npmjs.org/get-intrinsic/-/get-intrinsic-1.1.1.tgz"
  "version" "1.1.1"
  dependencies:
    "function-bind" "^1.1.1"
    "has" "^1.0.3"
    "has-symbols" "^1.0.1"

"get-stream@^4.1.0":
  "integrity" "sha512-GMat4EJ5161kIy2HevLlr4luNjBgvmj413KaQA7jt4V8B4RDsfpHk7WQ9GVqfYyyx8OS/L66Kox+rJRNklLK7w=="
  "resolved" "https://registry.npmjs.org/get-stream/-/get-stream-4.1.0.tgz"
  "version" "4.1.0"
  dependencies:
    "pump" "^3.0.0"

"get-stream@^5.1.0":
  "integrity" "sha512-nBF+F1rAZVCu/p7rjzgA+Yb4lfYXrpl7a6VmJrU8wF9I1CKvP/QwPNZHnOlwbTkY6dvtFIzFMSyQXbLoTQPRpA=="
  "resolved" "https://registry.npmjs.org/get-stream/-/get-stream-5.2.0.tgz"
  "version" "5.2.0"
  dependencies:
    "pump" "^3.0.0"

"got@^9.2.2":
  "integrity" "sha512-R7eWptXuGYxwijs0eV+v3o6+XH1IqVK8dJOEecQfTmkncw9AV4dcw/Dhxi8MdlqPthxxpZyizMzyg8RTmEsG+Q=="
  "resolved" "https://registry.npmjs.org/got/-/got-9.6.0.tgz"
  "version" "9.6.0"
  dependencies:
    "@sindresorhus/is" "^0.14.0"
    "@szmarczak/http-timer" "^1.1.2"
    "cacheable-request" "^6.0.0"
    "decompress-response" "^3.3.0"
    "duplexer3" "^0.1.4"
    "get-stream" "^4.1.0"
    "lowercase-keys" "^1.0.1"
    "mimic-response" "^1.0.1"
    "p-cancelable" "^1.0.0"
    "to-readable-stream" "^1.0.0"
    "url-parse-lax" "^3.0.0"

"has-property-descriptors@^1.0.0":
  "integrity" "sha512-62DVLZGoiEBDHQyqG4w9xCuZ7eJEwNmJRWw2VY84Oedb7WFcA27fiEVe8oUQx9hAUJ4ekurquucTGwsyO1XGdQ=="
  "resolved" "https://registry.npmjs.org/has-property-descriptors/-/has-property-descriptors-1.0.0.tgz"
  "version" "1.0.0"
  dependencies:
    "get-intrinsic" "^1.1.1"

"has-symbols@^1.0.1", "has-symbols@^1.0.2":
  "integrity" "sha512-l3LCuF6MgDNwTDKkdYGEihYjt5pRPbEg46rtlmnSPlUbgmB8LOIrKJbYYFBSbnPaJexMKtiPO8hmeRjRz2Td+A=="
  "resolved" "https://registry.npmjs.org/has-symbols/-/has-symbols-1.0.3.tgz"
  "version" "1.0.3"

"has-tostringtag@^1.0.0":
  "integrity" "sha512-kFjcSNhnlGV1kyoGk7OXKSawH5JOb/LzUc5w9B02hOTO0dfFRjbHQKvg1d6cf3HbeUmtU9VbbV3qzZ2Teh97WQ=="
  "resolved" "https://registry.npmjs.org/has-tostringtag/-/has-tostringtag-1.0.0.tgz"
  "version" "1.0.0"
  dependencies:
    "has-symbols" "^1.0.2"

"has@^1.0.3":
  "integrity" "sha512-f2dvO0VU6Oej7RkWJGrehjbzMAjFp5/VKPp5tTpWIV4JHHZK1/BxbFRtf/siA2SWTe09caDmVtYYzWEIbBS4zw=="
  "resolved" "https://registry.npmjs.org/has/-/has-1.0.3.tgz"
  "version" "1.0.3"
  dependencies:
    "function-bind" "^1.1.1"

"http-cache-semantics@^4.0.0":
  "integrity" "sha512-carPklcUh7ROWRK7Cv27RPtdhYhUsela/ue5/jKzjegVvXDqM2ILE9Q2BGn9JZJh1g87cp56su/FgQSzcWS8cQ=="
  "resolved" "https://registry.npmjs.org/http-cache-semantics/-/http-cache-semantics-4.1.0.tgz"
  "version" "4.1.0"

"is-arguments@^1.0.4":
  "integrity" "sha512-8Q7EARjzEnKpt/PCD7e1cgUS0a6X8u5tdSiMqXhojOdoV9TsMsiO+9VLC5vAmO8N7/GmXn7yjR8qnA6bVAEzfA=="
  "resolved" "https://registry.npmjs.org/is-arguments/-/is-arguments-1.1.1.tgz"
  "version" "1.1.1"
  dependencies:
    "call-bind" "^1.0.2"
    "has-tostringtag" "^1.0.0"

"is-class@0.0.5":
  "integrity" "sha512-jOquneoRNrqbpDgh4hKicrMcGIl7jopvIJaWI+LyDVRzZrQy819qBaYSofOyUMTo/x5Jelvs8G5v/ptdySWy6A=="
  "resolved" "https://registry.npmjs.org/is-class/-/is-class-0.0.5.tgz"
  "version" "0.0.5"

"is-date-object@^1.0.1":
  "integrity" "sha512-9YQaSxsAiSwcvS33MBk3wTCVnWK+HhF8VZR2jRxehM16QcVOdHqPn4VPHmRK4lSr38n9JriurInLcP90xsYNfQ=="
  "resolved" "https://registry.npmjs.org/is-date-object/-/is-date-object-1.0.5.tgz"
  "version" "1.0.5"
  dependencies:
    "has-tostringtag" "^1.0.0"

"is-dom@^1.0.9":
  "integrity" "sha512-u82f6mvhYxRPKpw8V1N0W8ce1xXwOrQtgGcxl6UCL5zBmZu3is/18K0rR7uFCnMDuAsS/3W54mGL4vsaFUQlEQ=="
  "resolved" "https://registry.npmjs.org/is-dom/-/is-dom-1.1.0.tgz"
  "version" "1.1.0"
  dependencies:
    "is-object" "^1.0.1"
    "is-window" "^1.0.2"

"is-object@^1.0.1":
  "integrity" "sha512-2rRIahhZr2UWb45fIOuvZGpFtz0TyOZLf32KxBbSoUCeZR495zCKlWUKKUByk3geS2eAs7ZAABt0Y/Rx0GiQGA=="
  "resolved" "https://registry.npmjs.org/is-object/-/is-object-1.0.2.tgz"
  "version" "1.0.2"

"is-promise@^2.1.0":
  "integrity" "sha512-+lP4/6lKUBfQjZ2pdxThZvLUAafmZb8OAxFb8XXtiQmS35INgr85hdOGoEs124ez1FCnZJt6jau/T+alh58QFQ=="
  "resolved" "https://registry.npmjs.org/is-promise/-/is-promise-2.2.2.tgz"
  "version" "2.2.2"

"is-regex@^1.0.4":
  "integrity" "sha512-kvRdxDsxZjhzUX07ZnLydzS1TU/TJlTUHHY4YLL87e37oUA49DfkLqgy+VjFocowy29cKvcSiu+kIv728jTTVg=="
  "resolved" "https://registry.npmjs.org/is-regex/-/is-regex-1.1.4.tgz"
  "version" "1.1.4"
  dependencies:
    "call-bind" "^1.0.2"
    "has-tostringtag" "^1.0.0"

"is-window@^1.0.2":
  "integrity" "sha1-LIlspT25feRdPDMTOmXYyfVjSA0="
  "resolved" "https://registry.npmjs.org/is-window/-/is-window-1.0.2.tgz"
  "version" "1.0.2"

"json-buffer@3.0.0":
  "integrity" "sha1-Wx85evx11ne96Lz8Dkfh+aPZqJg="
  "resolved" "https://registry.npmjs.org/json-buffer/-/json-buffer-3.0.0.tgz"
  "version" "3.0.0"

"keyv@^3.0.0":
  "integrity" "sha512-9ykJ/46SN/9KPM/sichzQ7OvXyGDYKGTaDlKMGCAlg2UK8KRy4jb0d8sFc+0Tt0YYnThq8X2RZgCg74RPxgcVA=="
  "resolved" "https://registry.npmjs.org/keyv/-/keyv-3.1.0.tgz"
  "version" "3.1.0"
  dependencies:
    "json-buffer" "3.0.0"

"lineclip@^1.1.5":
  "integrity" "sha1-K/JgZ9lDVP6r+R5CdoI221YW/RM="
  "resolved" "https://registry.npmjs.org/lineclip/-/lineclip-1.1.5.tgz"
  "version" "1.1.5"

"lowercase-keys@^1.0.0", "lowercase-keys@^1.0.1":
  "integrity" "sha512-G2Lj61tXDnVFFOi8VZds+SoQjtQC3dgokKdDG2mTm1tx4m50NUHBOZSBwQQHyy0V12A0JTG4icfZQH+xPyh8VA=="
  "resolved" "https://registry.npmjs.org/lowercase-keys/-/lowercase-keys-1.0.1.tgz"
  "version" "1.0.1"

"lowercase-keys@^2.0.0":
  "integrity" "sha512-tqNXrS78oMOE73NMxK4EMLQsQowWf8jKooH9g7xPavRT706R6bkQJ6DY2Te7QukaZsulxa30wQ7bk0pm4XiHmA=="
  "resolved" "https://registry.npmjs.org/lowercase-keys/-/lowercase-keys-2.0.0.tgz"
  "version" "2.0.0"

"map-limit@0.0.1":
  "integrity" "sha1-63lhAxwPDo0AG/LVb6toXViCLzg="
  "resolved" "https://registry.npmjs.org/map-limit/-/map-limit-0.0.1.tgz"
  "version" "0.0.1"
  dependencies:
    "once" "~1.3.0"

"mimic-response@^1.0.0", "mimic-response@^1.0.1":
  "integrity" "sha512-j5EctnkH7amfV/q5Hgmoal1g2QHFJRraOtmx0JpIqkxhBhI/lJSl1nMpQ45hVarwNETOoWEimndZ4QK0RHxuxQ=="
  "resolved" "https://registry.npmjs.org/mimic-response/-/mimic-response-1.0.1.tgz"
  "version" "1.0.1"

"minimist@^1.2.0":
  "integrity" "sha512-Jsjnk4bw3YJqYzbdyBiNsPWHPfO++UGG749Cxs6peCu5Xg4nrena6OVxOYxrQTqww0Jmwt+Ref8rggumkTLz9Q=="
  "resolved" "https://registry.npmjs.org/minimist/-/minimist-1.2.6.tgz"
  "version" "1.2.6"

"new-array@^1.0.0":
  "integrity" "sha1-XbxjnZYerH8an7wacUbsEvKST78="
  "resolved" "https://registry.npmjs.org/new-array/-/new-array-1.0.0.tgz"
  "version" "1.0.0"

"nice-color-palettes@^3.0.0":
  "integrity" "sha512-lL4AjabAAFi313tjrtmgm/bxCRzp4l3vCshojfV/ij3IPdtnRqv6Chcw+SqJUhbe7g3o3BecaqCJYUNLswGBhQ=="
  "resolved" "https://registry.npmjs.org/nice-color-palettes/-/nice-color-palettes-3.0.0.tgz"
  "version" "3.0.0"
  dependencies:
    "got" "^9.2.2"
    "map-limit" "0.0.1"
    "minimist" "^1.2.0"
    "new-array" "^1.0.0"

"normalize-svg-path@^0.1.0":
  "integrity" "sha1-RWNg5g7Odfvve11+FgSA5//Rb+U="
  "resolved" "https://registry.npmjs.org/normalize-svg-path/-/normalize-svg-path-0.1.0.tgz"
  "version" "0.1.0"

"normalize-svg-path@^1.0.1":
  "integrity" "sha512-r9KHKG2UUeB5LoTouwDzBy2VxXlHsiM6fyLQvnJa0S5hrhzqElH/CH7TUGhT1fVvIYBIKf3OpY4YJ4CK+iaqHg=="
  "resolved" "https://registry.npmjs.org/normalize-svg-path/-/normalize-svg-path-1.1.0.tgz"
  "version" "1.1.0"
  dependencies:
    "svg-arc-to-cubic-bezier" "^3.0.0"

"normalize-url@^4.1.0":
  "integrity" "sha512-9UZCFRHQdNrfTpGg8+1INIg93B6zE0aXMVFkw1WFwvO4SlZywU6aLg5Of0Ap/PgcbSw4LNxvMWXMeugwMCX0AA=="
  "resolved" "https://registry.npmjs.org/normalize-url/-/normalize-url-4.5.1.tgz"
  "version" "4.5.1"

"object-assign@^4.1.1":
  "integrity" "sha1-IQmtx5ZYh8/AXLvUQsrIv7s2CGM="
  "resolved" "https://registry.npmjs.org/object-assign/-/object-assign-4.1.1.tgz"
  "version" "4.1.1"

"object-is@^1.0.1":
  "integrity" "sha512-3cyDsyHgtmi7I7DfSSI2LDp6SK2lwvtbg0p0R1e0RvTqF5ceGx+K2dfSjm1bKDMVCFEDAQvy+o8c6a7VujOddw=="
  "resolved" "https://registry.npmjs.org/object-is/-/object-is-1.1.5.tgz"
  "version" "1.1.5"
  dependencies:
    "call-bind" "^1.0.2"
    "define-properties" "^1.1.3"

"object-keys@^1.1.1":
  "integrity" "sha512-NuAESUOUMrlIXOfHKzD6bpPu3tYt3xvjNdRIQ+FeT0lNb4K8WR70CaDxhuNguS2XG+GjkyMwOzsN5ZktImfhLA=="
  "resolved" "https://registry.npmjs.org/object-keys/-/object-keys-1.1.1.tgz"
  "version" "1.1.1"

"once@^1.3.1", "once@~1.3.0":
  "integrity" "sha1-suJhVXzkwxTsgwTz+oJmPkKXyiA="
  "resolved" "https://registry.npmjs.org/once/-/once-1.3.3.tgz"
  "version" "1.3.3"
  dependencies:
    "wrappy" "1"

"once@^1.4.0":
  "integrity" "sha1-WDsap3WWHUsROsF9nFC6753Xa9E="
  "resolved" "https://registry.npmjs.org/once/-/once-1.4.0.tgz"
  "version" "1.4.0"
  dependencies:
    "wrappy" "1"

"p-cancelable@^1.0.0":
  "integrity" "sha512-s73XxOZ4zpt1edZYZzvhqFa6uvQc1vwUa0K0BdtIZgQMAJj9IbebH+JkgKZc9h+B05PKHLOTl4ajG1BmNrVZlw=="
  "resolved" "https://registry.npmjs.org/p-cancelable/-/p-cancelable-1.1.0.tgz"
  "version" "1.1.0"

"pad-left@^2.1.0":
  "integrity" "sha1-FuajstRKjhOMsIOMx8tAOk/J6ZQ="
  "resolved" "https://registry.npmjs.org/pad-left/-/pad-left-2.1.0.tgz"
  "version" "2.1.0"
  dependencies:
    "repeat-string" "^1.5.4"

"parse-color@^1.0.0":
  "integrity" "sha1-e3SLlag/A/FqlPU15S1/PZRlhhk="
  "resolved" "https://registry.npmjs.org/parse-color/-/parse-color-1.0.0.tgz"
  "version" "1.0.0"
  dependencies:
    "color-convert" "~0.5.0"

"parse-svg-path@^0.1.2":
  "integrity" "sha1-en7A0esG+lMlx9PgCbhZoJtdSes="
  "resolved" "https://registry.npmjs.org/parse-svg-path/-/parse-svg-path-0.1.2.tgz"
  "version" "0.1.2"

"prepend-http@^2.0.0":
  "integrity" "sha1-6SQ0v6XqjBn0HN/UAddBo8gZ2Jc="
  "resolved" "https://registry.npmjs.org/prepend-http/-/prepend-http-2.0.0.tgz"
  "version" "2.0.0"

"primitive-quad@^2.0.0":
  "integrity" "sha1-wgmT5PlgAjiSa7UA5SkFMEPvius="
  "resolved" "https://registry.npmjs.org/primitive-quad/-/primitive-quad-2.0.0.tgz"
  "version" "2.0.0"

"pump@^3.0.0":
  "integrity" "sha512-LwZy+p3SFs1Pytd/jYct4wpv49HiYCqd9Rlc5ZVdk0V+8Yzv6jR5Blk3TRmPL1ft69TxP0IMZGJ+WPFU2BFhww=="
  "resolved" "https://registry.npmjs.org/pump/-/pump-3.0.0.tgz"
  "version" "3.0.0"
  dependencies:
    "end-of-stream" "^1.1.0"
    "once" "^1.3.1"

"regexp.prototype.flags@^1.2.0":
  "integrity" "sha512-fjggEOO3slI6Wvgjwflkc4NFRCTZAu5CnNfBd5qOMYhWdn67nJBBu34/TkD++eeFmd8C9r9jfXJ27+nSiRkSUA=="
  "resolved" "https://registry.npmjs.org/regexp.prototype.flags/-/regexp.prototype.flags-1.4.3.tgz"
  "version" "1.4.3"
  dependencies:
    "call-bind" "^1.0.2"
    "define-properties" "^1.1.3"
    "functions-have-names" "^1.2.2"

"regl@^1.3.7":
  "integrity" "sha512-bEAtp/qrtKucxXSJkD4ebopFZYP0q1+3Vb2WECWv/T8yQEgKxDxJ7ztO285tAMaYZVR6mM1GgI6CCn8FROtL1w=="
  "resolved" "https://registry.npmjs.org/regl/-/regl-1.7.0.tgz"
  "version" "1.7.0"

"repeat-string@^1.5.4":
  "integrity" "sha1-jcrkcOHIirwtYA//Sndihtp15jc="
  "resolved" "https://registry.npmjs.org/repeat-string/-/repeat-string-1.6.1.tgz"
  "version" "1.6.1"

"responselike@^1.0.2":
  "integrity" "sha1-kYcg7ztjHFZCvgaPFa3lpG9Loec="
  "resolved" "https://registry.npmjs.org/responselike/-/responselike-1.0.2.tgz"
  "version" "1.0.2"
  dependencies:
    "lowercase-keys" "^1.0.0"

"right-now@^1.0.0":
  "integrity" "sha1-bolgne69fc2vja7Mmuo5z1haCRg="
  "resolved" "https://registry.npmjs.org/right-now/-/right-now-1.0.0.tgz"
  "version" "1.0.0"

"seed-random@^2.2.0":
  "integrity" "sha1-KpsZ4lCoFwmSMaW5mk2vgLf77VQ="
  "resolved" "https://registry.npmjs.org/seed-random/-/seed-random-2.2.0.tgz"
  "version" "2.2.0"

"simplex-noise@^2.4.0":
  "integrity" "sha512-OjyDWm/QZjVbMrPxDVi9b2as+SeNn9EBXlrWVRlFW+TSyWMSXouDryXkQN0vf5YP+QZKobrmkvx1eQYPLtuqfw=="
  "resolved" "https://registry.npmjs.org/simplex-noise/-/simplex-noise-2.4.0.tgz"
  "version" "2.4.0"

"svg-arc-to-cubic-bezier@^3.0.0":
  "integrity" "sha512-djbJ/vZKZO+gPoSDThGNpKDO+o+bAeA4XQKovvkNCqnIS2t+S4qnLAGQhyyrulhCFRl1WWzAp0wUDV8PpTVU3g=="
  "resolved" "https://registry.npmjs.org/svg-arc-to-cubic-bezier/-/svg-arc-to-cubic-bezier-3.2.0.tgz"
  "version" "3.2.0"

"svg-path-contours@^2.0.0":
  "integrity" "sha1-x2oSlCnbBette2Hk0cWNEUqJOKI="
  "resolved" "https://registry.npmjs.org/svg-path-contours/-/svg-path-contours-2.0.0.tgz"
  "version" "2.0.0"
  dependencies:
    "abs-svg-path" "^0.1.1"
    "adaptive-bezier-curve" "^1.0.3"
    "normalize-svg-path" "^0.1.0"
    "vec2-copy" "^1.0.0"

"three@^0.141.0":
  "integrity" "sha512-JaSDAPWuk4RTzG5BYRQm8YZbERUxTfTDVouWgHMisS2to4E5fotMS9F2zPFNOIJyEFTTQDDKPpsgZVThKU3pXA=="
  "resolved" "https://registry.npmjs.org/three/-/three-0.141.0.tgz"
  "version" "0.141.0"

"to-readable-stream@^1.0.0":
  "integrity" "sha512-Iq25XBt6zD5npPhlLVXGFN3/gyR2/qODcKNNyTMd4vbm39HUaOiAM4PMq0eMVC/Tkxz+Zjdsc55g9yyz+Yq00Q=="
  "resolved" "https://registry.npmjs.org/to-readable-stream/-/to-readable-stream-1.0.0.tgz"
  "version" "1.0.0"

"typescript@^4.7.2":
  "integrity" "sha512-Mamb1iX2FDUpcTRzltPxgWMKy3fhg0TN378ylbktPGPK/99KbDtMQ4W1hwgsbPAsG3a0xKa1vmw4VKZQbkvz5A=="
  "resolved" "https://registry.npmjs.org/typescript/-/typescript-4.7.2.tgz"
  "version" "4.7.2"

"url-parse-lax@^3.0.0":
  "integrity" "sha1-FrXK/Afb42dsGxmZF3gj1lA6yww="
  "resolved" "https://registry.npmjs.org/url-parse-lax/-/url-parse-lax-3.0.0.tgz"
  "version" "3.0.0"
  dependencies:
    "prepend-http" "^2.0.0"

"vec2-copy@^1.0.0":
  "integrity" "sha1-xu7B2NrVRiUZTl9x+EM7YtLyCno="
  "resolved" "https://registry.npmjs.org/vec2-copy/-/vec2-copy-1.0.0.tgz"
  "version" "1.0.0"

"wrappy@1":
  "integrity" "sha1-tSQ9jz7BqjXxNkYFvA0QNuMKtp8="
  "resolved" "https://registry.npmjs.org/wrappy/-/wrappy-1.0.2.tgz"
  "version" "1.0.2"
